# This file was autogenerated by Stack.
# You should not edit this file by hand.
# For more information, please see the documentation at:
#   https://docs.haskellstack.org/en/stable/lock_files

packages:
- completed:
    hackage: souffle-haskell-2.1.0@sha256:8bef97d050ec653baa23cd16794cb196aad35dd3eacefb7930fe951afc35cd80,8075
    pantry-tree:
      size: 4469
      sha256: 60952dd7659b3dbf41a62103761ae08d18e06d3fc768c63ba01c52efc87ff3c2
  original:
    hackage: souffle-haskell-2.1.0
- completed:
    hackage: primitive-0.7.1.0@sha256:29de6bfd0cf8ba023ceb806203dfbec0e51e3524e75ffe41056f70b4229c6f0f,2728
    pantry-tree:
      size: 1376
      sha256: 606ab4ce691cb886b13760bba1b2380ba91b5d0f1a5ff20fa753577ab9eda70b
  original:
    hackage: primitive-0.7.1.0
- completed:
    hackage: zip-1.7.0@sha256:61a94b04fbe93431c5f60f00d622dcc60442691858c5a7f74f822d40643eb130,3933
    pantry-tree:
      size: 696
      sha256: 3d83609bb201379b8fbe42f7974f0609a892dc3541a870465198a0cbb80f59a5
  original:
    hackage: zip-1.7.0
snapshots:
- completed:
    size: 532381
    url: https://raw.githubusercontent.com/commercialhaskell/stackage-snapshots/master/lts/16/13.yaml
    sha256: 6ee17f7996e5bc75ae4406250841f1362ad4196418a4d90a0615ff4f26ac98df
  original: lts-16.13
